
Microsoft Visual Studio Solution File, Format Version 12.00
# Visual Studio Version 17
VisualStudioVersion = 17.7.34009.444
MinimumVisualStudioVersion = 10.0.40219.1
Project("{FAE04EC0-301F-11D3-BF4B-00C04F79EFBC}") = "backend", "backend.csproj", "{D225BFC8-F24C-4635-A4BA-32FBC63C21A8}"
EndProject
Project("{FAE04EC0-301F-11D3-BF4B-00C04F79EFBC}") = "DropBoxSign.Tests", "DropBoxSign.Tests\DropBoxSign.Tests.csproj", "{65D9FCCE-CE6C-42F3-A33E-9996C6962B6E}"
EndProject
Global
	GlobalSection(SolutionConfigurationPlatforms) = preSolution
		Debug|Any CPU = Debug|Any CPU
		Release|Any CPU = Release|Any CPU
	EndGlobalSection
	GlobalSection(ProjectConfigurationPlatforms) = postSolution
		{D225BFC8-F24C-4635-A4BA-32FBC63C21A8}.Debug|Any CPU.ActiveCfg = Debug|Any CPU
		{D225BFC8-F24C-4635-A4BA-32FBC63C21A8}.Debug|Any CPU.Build.0 = Debug|Any CPU
		{D225BFC8-F24C-4635-A4BA-32FBC63C21A8}.Release|Any CPU.ActiveCfg = Release|Any CPU
		{D225BFC8-F24C-4635-A4BA-32FBC63C21A8}.Release|Any CPU.Build.0 = Release|Any CPU
		{65D9FCCE-CE6C-42F3-A33E-9996C6962B6E}.Debug|Any CPU.ActiveCfg = Debug|Any CPU
		{65D9FCCE-CE6C-42F3-A33E-9996C6962B6E}.Debug|Any CPU.Build.0 = Debug|Any CPU
		{65D9FCCE-CE6C-42F3-A33E-9996C6962B6E}.Release|Any CPU.ActiveCfg = Release|Any CPU
		{65D9FCCE-CE6C-42F3-A33E-9996C6962B6E}.Release|Any CPU.Build.0 = Release|Any CPU
	EndGlobalSection
	GlobalSection(SolutionProperties) = preSolution
		HideSolutionNode = FALSE
	EndGlobalSection
	GlobalSection(ExtensibilityGlobals) = postSolution
		SolutionGuid = {0BC8A92C-3EBD-4A44-9FC4-6109A1DE7F10}
	EndGlobalSection
EndGlobal
