
Microsoft Visual Studio Solution File, Format Version 12.00
# Visual Studio Version 17
VisualStudioVersion = 17.7.34031.279
MinimumVisualStudioVersion = 10.0.40219.1
Project("{FAE04EC0-301F-11D3-BF4B-00C04F79EFBC}") = "chatGPT", "chatGPT.csproj", "{A299219D-484A-4143-8E13-194BB6AF2C89}"
EndProject
Global
	GlobalSection(SolutionConfigurationPlatforms) = preSolution
		Debug|Any CPU = Debug|Any CPU
		Release|Any CPU = Release|Any CPU
	EndGlobalSection
	GlobalSection(ProjectConfigurationPlatforms) = postSolution
		{A299219D-484A-4143-8E13-194BB6AF2C89}.Debug|Any CPU.ActiveCfg = Debug|Any CPU
		{A299219D-484A-4143-8E13-194BB6AF2C89}.Debug|Any CPU.Build.0 = Debug|Any CPU
		{A299219D-484A-4143-8E13-194BB6AF2C89}.Release|Any CPU.ActiveCfg = Release|Any CPU
		{A299219D-484A-4143-8E13-194BB6AF2C89}.Release|Any CPU.Build.0 = Release|Any CPU
	EndGlobalSection
	GlobalSection(SolutionProperties) = preSolution
		HideSolutionNode = FALSE
	EndGlobalSection
	GlobalSection(ExtensibilityGlobals) = postSolution
		SolutionGuid = {3EB3D38F-2907-415B-BA09-382EAA2BE57B}
	EndGlobalSection
EndGlobal
